// !$*UTF8*$!
{
	archiveVersion = 1;
	classes = {
	};
	objectVersion = 56;
	objects = {

/* Begin PBXBuildFile section */
		100A64902BCEF62900D7FDF0 /* SearchTableViewCell.swift in Sources */ = {isa = PBXBuildFile; fileRef = 100A648E2BCEF62900D7FDF0 /* SearchTableViewCell.swift */; };
		100A64912BCEF62900D7FDF0 /* SearchTableViewCell.xib in Resources */ = {isa = PBXBuildFile; fileRef = 100A648F2BCEF62900D7FDF0 /* SearchTableViewCell.xib */; };
		1095E18A2BD8307B000D8A50 /* GoogleService-Info.plist in Resources */ = {isa = PBXBuildFile; fileRef = 1095E1892BD8307B000D8A50 /* GoogleService-Info.plist */; };
		1095E18D2BD831AE000D8A50 /* SignInViewController.swift in Sources */ = {isa = PBXBuildFile; fileRef = 1095E18C2BD831AE000D8A50 /* SignInViewController.swift */; };
		1095E1902BD83326000D8A50 /* FirebaseAnalytics in Frameworks */ = {isa = PBXBuildFile; productRef = 1095E18F2BD83326000D8A50 /* FirebaseAnalytics */; };
		1095E1922BD83326000D8A50 /* FirebaseAnalyticsWithoutAdIdSupport in Frameworks */ = {isa = PBXBuildFile; productRef = 1095E1912BD83326000D8A50 /* FirebaseAnalyticsWithoutAdIdSupport */; };
		1095E1942BD83326000D8A50 /* FirebaseAuth in Frameworks */ = {isa = PBXBuildFile; productRef = 1095E1932BD83326000D8A50 /* FirebaseAuth */; };
		1095E1962BD83326000D8A50 /* FirebaseDatabase in Frameworks */ = {isa = PBXBuildFile; productRef = 1095E1952BD83326000D8A50 /* FirebaseDatabase */; };
		1095E1982BD83326000D8A50 /* FirebaseDatabaseSwift in Frameworks */ = {isa = PBXBuildFile; productRef = 1095E1972BD83326000D8A50 /* FirebaseDatabaseSwift */; };
		1095E19A2BD83326000D8A50 /* FirebaseFirestore in Frameworks */ = {isa = PBXBuildFile; productRef = 1095E1992BD83326000D8A50 /* FirebaseFirestore */; };
		1095E19C2BD83326000D8A50 /* FirebaseFirestoreSwift in Frameworks */ = {isa = PBXBuildFile; productRef = 1095E19B2BD83326000D8A50 /* FirebaseFirestoreSwift */; };
		1095E19E2BD83326000D8A50 /* FirebaseStorage in Frameworks */ = {isa = PBXBuildFile; productRef = 1095E19D2BD83326000D8A50 /* FirebaseStorage */; };
		1095E1A02BD83326000D8A50 /* FirebaseStorageCombine-Community in Frameworks */ = {isa = PBXBuildFile; productRef = 1095E19F2BD83326000D8A50 /* FirebaseStorageCombine-Community */; };
		109841692BD7E3DB00BC61EB /* APIKEY.swift in Sources */ = {isa = PBXBuildFile; fileRef = 109841682BD7E3DB00BC61EB /* APIKEY.swift */; };
		109BAEF52BBF159500D23996 /* AppDelegate.swift in Sources */ = {isa = PBXBuildFile; fileRef = 109BAEF42BBF159500D23996 /* AppDelegate.swift */; };
		109BAEF72BBF159500D23996 /* SceneDelegate.swift in Sources */ = {isa = PBXBuildFile; fileRef = 109BAEF62BBF159500D23996 /* SceneDelegate.swift */; };
		109BAEF92BBF159500D23996 /* HomeViewController.swift in Sources */ = {isa = PBXBuildFile; fileRef = 109BAEF82BBF159500D23996 /* HomeViewController.swift */; };
		109BAEFC2BBF159500D23996 /* Main.storyboard in Resources */ = {isa = PBXBuildFile; fileRef = 109BAEFA2BBF159500D23996 /* Main.storyboard */; };
		109BAEFE2BBF159700D23996 /* Assets.xcassets in Resources */ = {isa = PBXBuildFile; fileRef = 109BAEFD2BBF159700D23996 /* Assets.xcassets */; };
		109BAF012BBF159700D23996 /* LaunchScreen.storyboard in Resources */ = {isa = PBXBuildFile; fileRef = 109BAEFF2BBF159700D23996 /* LaunchScreen.storyboard */; };
		109BAF092BBF15C600D23996 /* APIEndPointer.swift in Sources */ = {isa = PBXBuildFile; fileRef = 109BAF082BBF15C600D23996 /* APIEndPointer.swift */; };
		109DDB842BC30DEB007C593E /* Model.swift in Sources */ = {isa = PBXBuildFile; fileRef = 109DDB832BC30DEB007C593E /* Model.swift */; };
		109DDB862BC30F58007C593E /* WebService.swift in Sources */ = {isa = PBXBuildFile; fileRef = 109DDB852BC30F58007C593E /* WebService.swift */; };
		109DDB882BC31185007C593E /* HomeCollectionViewCell.swift in Sources */ = {isa = PBXBuildFile; fileRef = 109DDB872BC31185007C593E /* HomeCollectionViewCell.swift */; };
		109DDB8A2BC3122D007C593E /* BaseViewModel.swift in Sources */ = {isa = PBXBuildFile; fileRef = 109DDB892BC3122D007C593E /* BaseViewModel.swift */; };
		109DDB8C2BC313C0007C593E /* ViewModel.swift in Sources */ = {isa = PBXBuildFile; fileRef = 109DDB8B2BC313C0007C593E /* ViewModel.swift */; };
		109DDB8F2BC32312007C593E /* MenuTableViewCell.swift in Sources */ = {isa = PBXBuildFile; fileRef = 109DDB8D2BC32312007C593E /* MenuTableViewCell.swift */; };
		109DDB902BC32312007C593E /* MenuTableViewCell.xib in Resources */ = {isa = PBXBuildFile; fileRef = 109DDB8E2BC32312007C593E /* MenuTableViewCell.xib */; };
		109E08992BD6D47D00818FFB /* FavoriteManager.swift in Sources */ = {isa = PBXBuildFile; fileRef = 109E08982BD6D47D00818FFB /* FavoriteManager.swift */; };
		109E089C2BD6D77A00818FFB /* FavoriteViewModel.swift in Sources */ = {isa = PBXBuildFile; fileRef = 109E089B2BD6D77A00818FFB /* FavoriteViewModel.swift */; };
		109E08A02BD6DF3F00818FFB /* FavoriteViewController.swift in Sources */ = {isa = PBXBuildFile; fileRef = 109E089F2BD6DF3F00818FFB /* FavoriteViewController.swift */; };
		109F7DB32BCC4ED400B195C7 /* NewsCollectionViewCell.swift in Sources */ = {isa = PBXBuildFile; fileRef = 109F7DB12BCC4ED400B195C7 /* NewsCollectionViewCell.swift */; };
		109F7DB42BCC4ED400B195C7 /* NewsCollectionViewCell.xib in Resources */ = {isa = PBXBuildFile; fileRef = 109F7DB22BCC4ED400B195C7 /* NewsCollectionViewCell.xib */; };
		109F7DB82BCC502100B195C7 /* ImageService.swift in Sources */ = {isa = PBXBuildFile; fileRef = 109F7DB72BCC502100B195C7 /* ImageService.swift */; };
		109F7DBB2BCC503500B195C7 /* Kingfisher in Frameworks */ = {isa = PBXBuildFile; productRef = 109F7DBA2BCC503500B195C7 /* Kingfisher */; };
		10A69BE42BCEE8E5009C219F /* SearchViewController.swift in Sources */ = {isa = PBXBuildFile; fileRef = 10A69BE32BCEE8E5009C219F /* SearchViewController.swift */; };
		10A69BEB2BCEF330009C219F /* SearchViewModel.swift in Sources */ = {isa = PBXBuildFile; fileRef = 10A69BEA2BCEF330009C219F /* SearchViewModel.swift */; };
/* End PBXBuildFile section */

/* Begin PBXFileReference section */
		100A648E2BCEF62900D7FDF0 /* SearchTableViewCell.swift */ = {isa = PBXFileReference; lastKnownFileType = sourcecode.swift; path = SearchTableViewCell.swift; sourceTree = "<group>"; };
		100A648F2BCEF62900D7FDF0 /* SearchTableViewCell.xib */ = {isa = PBXFileReference; lastKnownFileType = file.xib; path = SearchTableViewCell.xib; sourceTree = "<group>"; };
		1095E1892BD8307B000D8A50 /* GoogleService-Info.plist */ = {isa = PBXFileReference; fileEncoding = 4; lastKnownFileType = text.plist.xml; path = "GoogleService-Info.plist"; sourceTree = "<group>"; };
		1095E18C2BD831AE000D8A50 /* SignInViewController.swift */ = {isa = PBXFileReference; lastKnownFileType = sourcecode.swift; path = SignInViewController.swift; sourceTree = "<group>"; };
		109841682BD7E3DB00BC61EB /* APIKEY.swift */ = {isa = PBXFileReference; lastKnownFileType = sourcecode.swift; path = APIKEY.swift; sourceTree = "<group>"; };
		109BAEF12BBF159500D23996 /* NewsApp.app */ = {isa = PBXFileReference; explicitFileType = wrapper.application; includeInIndex = 0; path = NewsApp.app; sourceTree = BUILT_PRODUCTS_DIR; };
		109BAEF42BBF159500D23996 /* AppDelegate.swift */ = {isa = PBXFileReference; lastKnownFileType = sourcecode.swift; path = AppDelegate.swift; sourceTree = "<group>"; };
		109BAEF62BBF159500D23996 /* SceneDelegate.swift */ = {isa = PBXFileReference; lastKnownFileType = sourcecode.swift; path = SceneDelegate.swift; sourceTree = "<group>"; };
		109BAEF82BBF159500D23996 /* HomeViewController.swift */ = {isa = PBXFileReference; lastKnownFileType = sourcecode.swift; path = HomeViewController.swift; sourceTree = "<group>"; };
		109BAEFB2BBF159500D23996 /* Base */ = {isa = PBXFileReference; lastKnownFileType = file.storyboard; name = Base; path = Base.lproj/Main.storyboard; sourceTree = "<group>"; };
		109BAEFD2BBF159700D23996 /* Assets.xcassets */ = {isa = PBXFileReference; lastKnownFileType = folder.assetcatalog; path = Assets.xcassets; sourceTree = "<group>"; };
		109BAF002BBF159700D23996 /* Base */ = {isa = PBXFileReference; lastKnownFileType = file.storyboard; name = Base; path = Base.lproj/LaunchScreen.storyboard; sourceTree = "<group>"; };
		109BAF022BBF159700D23996 /* Info.plist */ = {isa = PBXFileReference; lastKnownFileType = text.plist.xml; path = Info.plist; sourceTree = "<group>"; };
		109BAF082BBF15C600D23996 /* APIEndPointer.swift */ = {isa = PBXFileReference; lastKnownFileType = sourcecode.swift; path = APIEndPointer.swift; sourceTree = "<group>"; };
		109DDB832BC30DEB007C593E /* Model.swift */ = {isa = PBXFileReference; lastKnownFileType = sourcecode.swift; path = Model.swift; sourceTree = "<group>"; };
		109DDB852BC30F58007C593E /* WebService.swift */ = {isa = PBXFileReference; lastKnownFileType = sourcecode.swift; path = WebService.swift; sourceTree = "<group>"; };
		109DDB872BC31185007C593E /* HomeCollectionViewCell.swift */ = {isa = PBXFileReference; lastKnownFileType = sourcecode.swift; path = HomeCollectionViewCell.swift; sourceTree = "<group>"; };
		109DDB892BC3122D007C593E /* BaseViewModel.swift */ = {isa = PBXFileReference; lastKnownFileType = sourcecode.swift; path = BaseViewModel.swift; sourceTree = "<group>"; };
		109DDB8B2BC313C0007C593E /* ViewModel.swift */ = {isa = PBXFileReference; lastKnownFileType = sourcecode.swift; path = ViewModel.swift; sourceTree = "<group>"; };
		109DDB8D2BC32312007C593E /* MenuTableViewCell.swift */ = {isa = PBXFileReference; lastKnownFileType = sourcecode.swift; path = MenuTableViewCell.swift; sourceTree = "<group>"; };
		109DDB8E2BC32312007C593E /* MenuTableViewCell.xib */ = {isa = PBXFileReference; lastKnownFileType = file.xib; path = MenuTableViewCell.xib; sourceTree = "<group>"; };
		109E08982BD6D47D00818FFB /* FavoriteManager.swift */ = {isa = PBXFileReference; lastKnownFileType = sourcecode.swift; path = FavoriteManager.swift; sourceTree = "<group>"; };
		109E089B2BD6D77A00818FFB /* FavoriteViewModel.swift */ = {isa = PBXFileReference; lastKnownFileType = sourcecode.swift; path = FavoriteViewModel.swift; sourceTree = "<group>"; };
		109E089F2BD6DF3F00818FFB /* FavoriteViewController.swift */ = {isa = PBXFileReference; lastKnownFileType = sourcecode.swift; path = FavoriteViewController.swift; sourceTree = "<group>"; };
		109F7DB12BCC4ED400B195C7 /* NewsCollectionViewCell.swift */ = {isa = PBXFileReference; lastKnownFileType = sourcecode.swift; path = NewsCollectionViewCell.swift; sourceTree = "<group>"; };
		109F7DB22BCC4ED400B195C7 /* NewsCollectionViewCell.xib */ = {isa = PBXFileReference; lastKnownFileType = file.xib; path = NewsCollectionViewCell.xib; sourceTree = "<group>"; };
		109F7DB72BCC502100B195C7 /* ImageService.swift */ = {isa = PBXFileReference; lastKnownFileType = sourcecode.swift; path = ImageService.swift; sourceTree = "<group>"; };
		10A69BE32BCEE8E5009C219F /* SearchViewController.swift */ = {isa = PBXFileReference; lastKnownFileType = sourcecode.swift; path = SearchViewController.swift; sourceTree = "<group>"; };
		10A69BEA2BCEF330009C219F /* SearchViewModel.swift */ = {isa = PBXFileReference; lastKnownFileType = sourcecode.swift; path = SearchViewModel.swift; sourceTree = "<group>"; };
/* End PBXFileReference section */

/* Begin PBXFrameworksBuildPhase section */
		109BAEEE2BBF159500D23996 /* Frameworks */ = {
			isa = PBXFrameworksBuildPhase;
			buildActionMask = 2147483647;
			files = (
				1095E1982BD83326000D8A50 /* FirebaseDatabaseSwift in Frameworks */,
				1095E1962BD83326000D8A50 /* FirebaseDatabase in Frameworks */,
				1095E1A02BD83326000D8A50 /* FirebaseStorageCombine-Community in Frameworks */,
				1095E19E2BD83326000D8A50 /* FirebaseStorage in Frameworks */,
				1095E1902BD83326000D8A50 /* FirebaseAnalytics in Frameworks */,
				1095E1922BD83326000D8A50 /* FirebaseAnalyticsWithoutAdIdSupport in Frameworks */,
				109F7DBB2BCC503500B195C7 /* Kingfisher in Frameworks */,
				1095E1942BD83326000D8A50 /* FirebaseAuth in Frameworks */,
				1095E19A2BD83326000D8A50 /* FirebaseFirestore in Frameworks */,
				1095E19C2BD83326000D8A50 /* FirebaseFirestoreSwift in Frameworks */,
			);
			runOnlyForDeploymentPostprocessing = 0;
		};
/* End PBXFrameworksBuildPhase section */

/* Begin PBXGroup section */
		1095E1882BD8304E000D8A50 /* GoogleInfo */ = {
			isa = PBXGroup;
			children = (
				1095E1892BD8307B000D8A50 /* GoogleService-Info.plist */,
			);
			path = GoogleInfo;
			sourceTree = "<group>";
		};
		1095E18B2BD83197000D8A50 /* SignInViewController */ = {
			isa = PBXGroup;
			children = (
				1095E18C2BD831AE000D8A50 /* SignInViewController.swift */,
			);
			path = SignInViewController;
			sourceTree = "<group>";
		};
		109841672BD7E3B500BC61EB /* Locale */ = {
			isa = PBXGroup;
			children = (
				109841682BD7E3DB00BC61EB /* APIKEY.swift */,
				1095E1882BD8304E000D8A50 /* GoogleInfo */,
			);
			path = Locale;
			sourceTree = "<group>";
		};
		109BAEE82BBF159500D23996 = {
			isa = PBXGroup;
			children = (
				109BAEF32BBF159500D23996 /* NewsApp */,
				109BAEF22BBF159500D23996 /* Products */,
			);
			sourceTree = "<group>";
		};
		109BAEF22BBF159500D23996 /* Products */ = {
			isa = PBXGroup;
			children = (
				109BAEF12BBF159500D23996 /* NewsApp.app */,
			);
			name = Products;
			sourceTree = "<group>";
		};
		109BAEF32BBF159500D23996 /* NewsApp */ = {
			isa = PBXGroup;
			children = (
				1095E18B2BD83197000D8A50 /* SignInViewController */,
				10A69BDD2BCEE5D2009C219F /* Home */,
				109E089A2BD6D75D00818FFB /* FavoriteList */,
				10A69BE52BCEEE7A009C219F /* Search */,
				10A69BE22BCEE6B2009C219F /* Model */,
				10A69BE12BCEE694009C219F /* Services */,
				10A69BDC2BCEE5A4009C219F /* Delegate */,
				109841672BD7E3B500BC61EB /* Locale */,
				109BAEFD2BBF159700D23996 /* Assets.xcassets */,
				109BAEFA2BBF159500D23996 /* Main.storyboard */,
				109BAEFF2BBF159700D23996 /* LaunchScreen.storyboard */,
				109BAF022BBF159700D23996 /* Info.plist */,
			);
			path = NewsApp;
			sourceTree = "<group>";
		};
		109E089A2BD6D75D00818FFB /* FavoriteList */ = {
			isa = PBXGroup;
			children = (
				109E089F2BD6DF3F00818FFB /* FavoriteViewController.swift */,
				109E08982BD6D47D00818FFB /* FavoriteManager.swift */,
				109E089B2BD6D77A00818FFB /* FavoriteViewModel.swift */,
			);
			path = FavoriteList;
			sourceTree = "<group>";
		};
		10A69BDC2BCEE5A4009C219F /* Delegate */ = {
			isa = PBXGroup;
			children = (
				109BAEF62BBF159500D23996 /* SceneDelegate.swift */,
				109BAEF42BBF159500D23996 /* AppDelegate.swift */,
			);
			path = Delegate;
			sourceTree = "<group>";
		};
		10A69BDD2BCEE5D2009C219F /* Home */ = {
			isa = PBXGroup;
			children = (
				109BAEF82BBF159500D23996 /* HomeViewController.swift */,
				10A69BE02BCEE675009C219F /* ViewModel */,
				10A69BDF2BCEE641009C219F /* Menu */,
				10A69BDE2BCEE5FA009C219F /* Cells */,
			);
			path = Home;
			sourceTree = "<group>";
		};
		10A69BDE2BCEE5FA009C219F /* Cells */ = {
			isa = PBXGroup;
			children = (
				109F7DB12BCC4ED400B195C7 /* NewsCollectionViewCell.swift */,
				109F7DB22BCC4ED400B195C7 /* NewsCollectionViewCell.xib */,
				109DDB872BC31185007C593E /* HomeCollectionViewCell.swift */,
			);
			path = Cells;
			sourceTree = "<group>";
		};
		10A69BDF2BCEE641009C219F /* Menu */ = {
			isa = PBXGroup;
			children = (
				109DDB8D2BC32312007C593E /* MenuTableViewCell.swift */,
				109DDB8E2BC32312007C593E /* MenuTableViewCell.xib */,
			);
			path = Menu;
			sourceTree = "<group>";
		};
		10A69BE02BCEE675009C219F /* ViewModel */ = {
			isa = PBXGroup;
			children = (
				109DDB8B2BC313C0007C593E /* ViewModel.swift */,
				109DDB892BC3122D007C593E /* BaseViewModel.swift */,
			);
			path = ViewModel;
			sourceTree = "<group>";
		};
		10A69BE12BCEE694009C219F /* Services */ = {
			isa = PBXGroup;
			children = (
				109BAF082BBF15C600D23996 /* APIEndPointer.swift */,
				109DDB852BC30F58007C593E /* WebService.swift */,
				109F7DB72BCC502100B195C7 /* ImageService.swift */,
			);
			path = Services;
			sourceTree = "<group>";
		};
		10A69BE22BCEE6B2009C219F /* Model */ = {
			isa = PBXGroup;
			children = (
				109DDB832BC30DEB007C593E /* Model.swift */,
			);
			path = Model;
			sourceTree = "<group>";
		};
		10A69BE52BCEEE7A009C219F /* Search */ = {
			isa = PBXGroup;
			children = (
				10A69BE32BCEE8E5009C219F /* SearchViewController.swift */,
				10A69BED2BCEF559009C219F /* Cells */,
				10A69BEC2BCEF548009C219F /* ViewModel */,
			);
			path = Search;
			sourceTree = "<group>";
		};
		10A69BEC2BCEF548009C219F /* ViewModel */ = {
			isa = PBXGroup;
			children = (
				10A69BEA2BCEF330009C219F /* SearchViewModel.swift */,
			);
			path = ViewModel;
			sourceTree = "<group>";
		};
		10A69BED2BCEF559009C219F /* Cells */ = {
			isa = PBXGroup;
			children = (
				100A648E2BCEF62900D7FDF0 /* SearchTableViewCell.swift */,
				100A648F2BCEF62900D7FDF0 /* SearchTableViewCell.xib */,
			);
			path = Cells;
			sourceTree = "<group>";
		};
/* End PBXGroup section */

/* Begin PBXNativeTarget section */
		109BAEF02BBF159500D23996 /* NewsApp */ = {
			isa = PBXNativeTarget;
			buildConfigurationList = 109BAF052BBF159700D23996 /* Build configuration list for PBXNativeTarget "NewsApp" */;
			buildPhases = (
				109BAEED2BBF159500D23996 /* Sources */,
				109BAEEE2BBF159500D23996 /* Frameworks */,
				109BAEEF2BBF159500D23996 /* Resources */,
			);
			buildRules = (
			);
			dependencies = (
			);
			name = NewsApp;
			packageProductDependencies = (
				109F7DBA2BCC503500B195C7 /* Kingfisher */,
				1095E18F2BD83326000D8A50 /* FirebaseAnalytics */,
				1095E1912BD83326000D8A50 /* FirebaseAnalyticsWithoutAdIdSupport */,
				1095E1932BD83326000D8A50 /* FirebaseAuth */,
				1095E1952BD83326000D8A50 /* FirebaseDatabase */,
				1095E1972BD83326000D8A50 /* FirebaseDatabaseSwift */,
				1095E1992BD83326000D8A50 /* FirebaseFirestore */,
				1095E19B2BD83326000D8A50 /* FirebaseFirestoreSwift */,
				1095E19D2BD83326000D8A50 /* FirebaseStorage */,
				1095E19F2BD83326000D8A50 /* FirebaseStorageCombine-Community */,
			);
			productName = NewsApp;
			productReference = 109BAEF12BBF159500D23996 /* NewsApp.app */;
			productType = "com.apple.product-type.application";
		};
/* End PBXNativeTarget section */

/* Begin PBXProject section */
		109BAEE92BBF159500D23996 /* Project object */ = {
			isa = PBXProject;
			attributes = {
				BuildIndependentTargetsInParallel = 1;
				LastSwiftUpdateCheck = 1420;
				LastUpgradeCheck = 1420;
				TargetAttributes = {
					109BAEF02BBF159500D23996 = {
						CreatedOnToolsVersion = 14.2;
					};
				};
			};
			buildConfigurationList = 109BAEEC2BBF159500D23996 /* Build configuration list for PBXProject "NewsApp" */;
			compatibilityVersion = "Xcode 14.0";
			developmentRegion = en;
			hasScannedForEncodings = 0;
			knownRegions = (
				en,
				Base,
			);
			mainGroup = 109BAEE82BBF159500D23996;
			packageReferences = (
				109F7DB92BCC503500B195C7 /* XCRemoteSwiftPackageReference "Kingfisher" */,
				1095E18E2BD83326000D8A50 /* XCRemoteSwiftPackageReference "firebase-ios-sdk" */,
			);
			productRefGroup = 109BAEF22BBF159500D23996 /* Products */;
			projectDirPath = "";
			projectRoot = "";
			targets = (
				109BAEF02BBF159500D23996 /* NewsApp */,
			);
		};
/* End PBXProject section */

/* Begin PBXResourcesBuildPhase section */
		109BAEEF2BBF159500D23996 /* Resources */ = {
			isa = PBXResourcesBuildPhase;
			buildActionMask = 2147483647;
			files = (
				109BAF012BBF159700D23996 /* LaunchScreen.storyboard in Resources */,
				109BAEFE2BBF159700D23996 /* Assets.xcassets in Resources */,
				109DDB902BC32312007C593E /* MenuTableViewCell.xib in Resources */,
				109F7DB42BCC4ED400B195C7 /* NewsCollectionViewCell.xib in Resources */,
				109BAEFC2BBF159500D23996 /* Main.storyboard in Resources */,
				100A64912BCEF62900D7FDF0 /* SearchTableViewCell.xib in Resources */,
				1095E18A2BD8307B000D8A50 /* GoogleService-Info.plist in Resources */,
			);
			runOnlyForDeploymentPostprocessing = 0;
		};
/* End PBXResourcesBuildPhase section */

/* Begin PBXSourcesBuildPhase section */
		109BAEED2BBF159500D23996 /* Sources */ = {
			isa = PBXSourcesBuildPhase;
			buildActionMask = 2147483647;
			files = (
				109DDB882BC31185007C593E /* HomeCollectionViewCell.swift in Sources */,
				109DDB8C2BC313C0007C593E /* ViewModel.swift in Sources */,
				109DDB862BC30F58007C593E /* WebService.swift in Sources */,
				109F7DB32BCC4ED400B195C7 /* NewsCollectionViewCell.swift in Sources */,
				109841692BD7E3DB00BC61EB /* APIKEY.swift in Sources */,
				109E08A02BD6DF3F00818FFB /* FavoriteViewController.swift in Sources */,
				109DDB842BC30DEB007C593E /* Model.swift in Sources */,
				109F7DB82BCC502100B195C7 /* ImageService.swift in Sources */,
				1095E18D2BD831AE000D8A50 /* SignInViewController.swift in Sources */,
				109E089C2BD6D77A00818FFB /* FavoriteViewModel.swift in Sources */,
				10A69BEB2BCEF330009C219F /* SearchViewModel.swift in Sources */,
				109DDB8F2BC32312007C593E /* MenuTableViewCell.swift in Sources */,
				109BAEF92BBF159500D23996 /* HomeViewController.swift in Sources */,
				100A64902BCEF62900D7FDF0 /* SearchTableViewCell.swift in Sources */,
				10A69BE42BCEE8E5009C219F /* SearchViewController.swift in Sources */,
				109E08992BD6D47D00818FFB /* FavoriteManager.swift in Sources */,
				109BAEF52BBF159500D23996 /* AppDelegate.swift in Sources */,
				109DDB8A2BC3122D007C593E /* BaseViewModel.swift in Sources */,
				109BAEF72BBF159500D23996 /* SceneDelegate.swift in Sources */,
				109BAF092BBF15C600D23996 /* APIEndPointer.swift in Sources */,
			);
			runOnlyForDeploymentPostprocessing = 0;
		};
/* End PBXSourcesBuildPhase section */

/* Begin PBXVariantGroup section */
		109BAEFA2BBF159500D23996 /* Main.storyboard */ = {
			isa = PBXVariantGroup;
			children = (
				109BAEFB2BBF159500D23996 /* Base */,
			);
			name = Main.storyboard;
			sourceTree = "<group>";
		};
		109BAEFF2BBF159700D23996 /* LaunchScreen.storyboard */ = {
			isa = PBXVariantGroup;
			children = (
				109BAF002BBF159700D23996 /* Base */,
			);
			name = LaunchScreen.storyboard;
			sourceTree = "<group>";
		};
/* End PBXVariantGroup section */

/* Begin XCBuildConfiguration section */
		109BAF032BBF159700D23996 /* Debug */ = {
			isa = XCBuildConfiguration;
			buildSettings = {
				ALWAYS_SEARCH_USER_PATHS = NO;
				CLANG_ANALYZER_NONNULL = YES;
				CLANG_ANALYZER_NUMBER_OBJECT_CONVERSION = YES_AGGRESSIVE;
				CLANG_CXX_LANGUAGE_STANDARD = "gnu++20";
				CLANG_ENABLE_MODULES = YES;
				CLANG_ENABLE_OBJC_ARC = YES;
				CLANG_ENABLE_OBJC_WEAK = YES;
				CLANG_WARN_BLOCK_CAPTURE_AUTORELEASING = YES;
				CLANG_WARN_BOOL_CONVERSION = YES;
				CLANG_WARN_COMMA = YES;
				CLANG_WARN_CONSTANT_CONVERSION = YES;
				CLANG_WARN_DEPRECATED_OBJC_IMPLEMENTATIONS = YES;
				CLANG_WARN_DIRECT_OBJC_ISA_USAGE = YES_ERROR;
				CLANG_WARN_DOCUMENTATION_COMMENTS = YES;
				CLANG_WARN_EMPTY_BODY = YES;
				CLANG_WARN_ENUM_CONVERSION = YES;
				CLANG_WARN_INFINITE_RECURSION = YES;
				CLANG_WARN_INT_CONVERSION = YES;
				CLANG_WARN_NON_LITERAL_NULL_CONVERSION = YES;
				CLANG_WARN_OBJC_IMPLICIT_RETAIN_SELF = YES;
				CLANG_WARN_OBJC_LITERAL_CONVERSION = YES;
				CLANG_WARN_OBJC_ROOT_CLASS = YES_ERROR;
				CLANG_WARN_QUOTED_INCLUDE_IN_FRAMEWORK_HEADER = YES;
				CLANG_WARN_RANGE_LOOP_ANALYSIS = YES;
				CLANG_WARN_STRICT_PROTOTYPES = YES;
				CLANG_WARN_SUSPICIOUS_MOVE = YES;
				CLANG_WARN_UNGUARDED_AVAILABILITY = YES_AGGRESSIVE;
				CLANG_WARN_UNREACHABLE_CODE = YES;
				CLANG_WARN__DUPLICATE_METHOD_MATCH = YES;
				COPY_PHASE_STRIP = NO;
				DEBUG_INFORMATION_FORMAT = dwarf;
				ENABLE_STRICT_OBJC_MSGSEND = YES;
				ENABLE_TESTABILITY = YES;
				GCC_C_LANGUAGE_STANDARD = gnu11;
				GCC_DYNAMIC_NO_PIC = NO;
				GCC_NO_COMMON_BLOCKS = YES;
				GCC_OPTIMIZATION_LEVEL = 0;
				GCC_PREPROCESSOR_DEFINITIONS = (
					"DEBUG=1",
					"$(inherited)",
				);
				GCC_WARN_64_TO_32_BIT_CONVERSION = YES;
				GCC_WARN_ABOUT_RETURN_TYPE = YES_ERROR;
				GCC_WARN_UNDECLARED_SELECTOR = YES;
				GCC_WARN_UNINITIALIZED_AUTOS = YES_AGGRESSIVE;
				GCC_WARN_UNUSED_FUNCTION = YES;
				GCC_WARN_UNUSED_VARIABLE = YES;
				IPHONEOS_DEPLOYMENT_TARGET = 16.2;
				MTL_ENABLE_DEBUG_INFO = INCLUDE_SOURCE;
				MTL_FAST_MATH = YES;
				ONLY_ACTIVE_ARCH = YES;
				SDKROOT = iphoneos;
				SWIFT_ACTIVE_COMPILATION_CONDITIONS = DEBUG;
				SWIFT_OPTIMIZATION_LEVEL = "-Onone";
			};
			name = Debug;
		};
		109BAF042BBF159700D23996 /* Release */ = {
			isa = XCBuildConfiguration;
			buildSettings = {
				ALWAYS_SEARCH_USER_PATHS = NO;
				CLANG_ANALYZER_NONNULL = YES;
				CLANG_ANALYZER_NUMBER_OBJECT_CONVERSION = YES_AGGRESSIVE;
				CLANG_CXX_LANGUAGE_STANDARD = "gnu++20";
				CLANG_ENABLE_MODULES = YES;
				CLANG_ENABLE_OBJC_ARC = YES;
				CLANG_ENABLE_OBJC_WEAK = YES;
				CLANG_WARN_BLOCK_CAPTURE_AUTORELEASING = YES;
				CLANG_WARN_BOOL_CONVERSION = YES;
				CLANG_WARN_COMMA = YES;
				CLANG_WARN_CONSTANT_CONVERSION = YES;
				CLANG_WARN_DEPRECATED_OBJC_IMPLEMENTATIONS = YES;
				CLANG_WARN_DIRECT_OBJC_ISA_USAGE = YES_ERROR;
				CLANG_WARN_DOCUMENTATION_COMMENTS = YES;
				CLANG_WARN_EMPTY_BODY = YES;
				CLANG_WARN_ENUM_CONVERSION = YES;
				CLANG_WARN_INFINITE_RECURSION = YES;
				CLANG_WARN_INT_CONVERSION = YES;
				CLANG_WARN_NON_LITERAL_NULL_CONVERSION = YES;
				CLANG_WARN_OBJC_IMPLICIT_RETAIN_SELF = YES;
				CLANG_WARN_OBJC_LITERAL_CONVERSION = YES;
				CLANG_WARN_OBJC_ROOT_CLASS = YES_ERROR;
				CLANG_WARN_QUOTED_INCLUDE_IN_FRAMEWORK_HEADER = YES;
				CLANG_WARN_RANGE_LOOP_ANALYSIS = YES;
				CLANG_WARN_STRICT_PROTOTYPES = YES;
				CLANG_WARN_SUSPICIOUS_MOVE = YES;
				CLANG_WARN_UNGUARDED_AVAILABILITY = YES_AGGRESSIVE;
				CLANG_WARN_UNREACHABLE_CODE = YES;
				CLANG_WARN__DUPLICATE_METHOD_MATCH = YES;
				COPY_PHASE_STRIP = NO;
				DEBUG_INFORMATION_FORMAT = "dwarf-with-dsym";
				ENABLE_NS_ASSERTIONS = NO;
				ENABLE_STRICT_OBJC_MSGSEND = YES;
				GCC_C_LANGUAGE_STANDARD = gnu11;
				GCC_NO_COMMON_BLOCKS = YES;
				GCC_WARN_64_TO_32_BIT_CONVERSION = YES;
				GCC_WARN_ABOUT_RETURN_TYPE = YES_ERROR;
				GCC_WARN_UNDECLARED_SELECTOR = YES;
				GCC_WARN_UNINITIALIZED_AUTOS = YES_AGGRESSIVE;
				GCC_WARN_UNUSED_FUNCTION = YES;
				GCC_WARN_UNUSED_VARIABLE = YES;
				IPHONEOS_DEPLOYMENT_TARGET = 16.2;
				MTL_ENABLE_DEBUG_INFO = NO;
				MTL_FAST_MATH = YES;
				SDKROOT = iphoneos;
				SWIFT_COMPILATION_MODE = wholemodule;
				SWIFT_OPTIMIZATION_LEVEL = "-O";
				VALIDATE_PRODUCT = YES;
			};
			name = Release;
		};
		109BAF062BBF159700D23996 /* Debug */ = {
			isa = XCBuildConfiguration;
			buildSettings = {
				ASSETCATALOG_COMPILER_APPICON_NAME = AppIcon;
				ASSETCATALOG_COMPILER_GLOBAL_ACCENT_COLOR_NAME = AccentColor;
				CODE_SIGN_STYLE = Automatic;
				CURRENT_PROJECT_VERSION = 1;
				DEVELOPMENT_TEAM = 734NWAB3PT;
				GENERATE_INFOPLIST_FILE = YES;
				INFOPLIST_FILE = NewsApp/Info.plist;
				INFOPLIST_KEY_UIApplicationSupportsIndirectInputEvents = YES;
				INFOPLIST_KEY_UILaunchStoryboardName = LaunchScreen;
				INFOPLIST_KEY_UIMainStoryboardFile = Main;
				INFOPLIST_KEY_UISupportedInterfaceOrientations_iPad = "UIInterfaceOrientationPortrait UIInterfaceOrientationPortraitUpsideDown UIInterfaceOrientationLandscapeLeft UIInterfaceOrientationLandscapeRight";
				INFOPLIST_KEY_UISupportedInterfaceOrientations_iPhone = "UIInterfaceOrientationPortrait UIInterfaceOrientationLandscapeLeft UIInterfaceOrientationLandscapeRight";
				LD_RUNPATH_SEARCH_PATHS = (
					"$(inherited)",
					"@executable_path/Frameworks",
				);
				MARKETING_VERSION = 1.0;
				PRODUCT_BUNDLE_IDENTIFIER = com.mehmetoksuz.NewsApp;
				PRODUCT_NAME = "$(TARGET_NAME)";
				SWIFT_EMIT_LOC_STRINGS = YES;
				SWIFT_VERSION = 5.0;
				TARGETED_DEVICE_FAMILY = "1,2";
			};
			name = Debug;
		};
		109BAF072BBF159700D23996 /* Release */ = {
			isa = XCBuildConfiguration;
			buildSettings = {
				ASSETCATALOG_COMPILER_APPICON_NAME = AppIcon;
				ASSETCATALOG_COMPILER_GLOBAL_ACCENT_COLOR_NAME = AccentColor;
				CODE_SIGN_STYLE = Automatic;
				CURRENT_PROJECT_VERSION = 1;
				DEVELOPMENT_TEAM = 734NWAB3PT;
				GENERATE_INFOPLIST_FILE = YES;
				INFOPLIST_FILE = NewsApp/Info.plist;
				INFOPLIST_KEY_UIApplicationSupportsIndirectInputEvents = YES;
				INFOPLIST_KEY_UILaunchStoryboardName = LaunchScreen;
				INFOPLIST_KEY_UIMainStoryboardFile = Main;
				INFOPLIST_KEY_UISupportedInterfaceOrientations_iPad = "UIInterfaceOrientationPortrait UIInterfaceOrientationPortraitUpsideDown UIInterfaceOrientationLandscapeLeft UIInterfaceOrientationLandscapeRight";
				INFOPLIST_KEY_UISupportedInterfaceOrientations_iPhone = "UIInterfaceOrientationPortrait UIInterfaceOrientationLandscapeLeft UIInterfaceOrientationLandscapeRight";
				LD_RUNPATH_SEARCH_PATHS = (
					"$(inherited)",
					"@executable_path/Frameworks",
				);
				MARKETING_VERSION = 1.0;
				PRODUCT_BUNDLE_IDENTIFIER = com.mehmetoksuz.NewsApp;
				PRODUCT_NAME = "$(TARGET_NAME)";
				SWIFT_EMIT_LOC_STRINGS = YES;
				SWIFT_VERSION = 5.0;
				TARGETED_DEVICE_FAMILY = "1,2";
			};
			name = Release;
		};
/* End XCBuildConfiguration section */

/* Begin XCConfigurationList section */
		109BAEEC2BBF159500D23996 /* Build configuration list for PBXProject "NewsApp" */ = {
			isa = XCConfigurationList;
			buildConfigurations = (
				109BAF032BBF159700D23996 /* Debug */,
				109BAF042BBF159700D23996 /* Release */,
			);
			defaultConfigurationIsVisible = 0;
			defaultConfigurationName = Release;
		};
		109BAF052BBF159700D23996 /* Build configuration list for PBXNativeTarget "NewsApp" */ = {
			isa = XCConfigurationList;
			buildConfigurations = (
				109BAF062BBF159700D23996 /* Debug */,
				109BAF072BBF159700D23996 /* Release */,
			);
			defaultConfigurationIsVisible = 0;
			defaultConfigurationName = Release;
		};
/* End XCConfigurationList section */

/* Begin XCRemoteSwiftPackageReference section */
		1095E18E2BD83326000D8A50 /* XCRemoteSwiftPackageReference "firebase-ios-sdk" */ = {
			isa = XCRemoteSwiftPackageReference;
			repositoryURL = "https://github.com/firebase/firebase-ios-sdk.git";
			requirement = {
				kind = upToNextMajorVersion;
				minimumVersion = 9.0.0;
			};
		};
		109F7DB92BCC503500B195C7 /* XCRemoteSwiftPackageReference "Kingfisher" */ = {
			isa = XCRemoteSwiftPackageReference;
			repositoryURL = "https://github.com/onevcat/Kingfisher.git";
			requirement = {
				branch = master;
				kind = branch;
			};
		};
/* End XCRemoteSwiftPackageReference section */

/* Begin XCSwiftPackageProductDependency section */
		1095E18F2BD83326000D8A50 /* FirebaseAnalytics */ = {
			isa = XCSwiftPackageProductDependency;
			package = 1095E18E2BD83326000D8A50 /* XCRemoteSwiftPackageReference "firebase-ios-sdk" */;
			productName = FirebaseAnalytics;
		};
		1095E1912BD83326000D8A50 /* FirebaseAnalyticsWithoutAdIdSupport */ = {
			isa = XCSwiftPackageProductDependency;
			package = 1095E18E2BD83326000D8A50 /* XCRemoteSwiftPackageReference "firebase-ios-sdk" */;
			productName = FirebaseAnalyticsWithoutAdIdSupport;
		};
		1095E1932BD83326000D8A50 /* FirebaseAuth */ = {
			isa = XCSwiftPackageProductDependency;
			package = 1095E18E2BD83326000D8A50 /* XCRemoteSwiftPackageReference "firebase-ios-sdk" */;
			productName = FirebaseAuth;
		};
		1095E1952BD83326000D8A50 /* FirebaseDatabase */ = {
			isa = XCSwiftPackageProductDependency;
			package = 1095E18E2BD83326000D8A50 /* XCRemoteSwiftPackageReference "firebase-ios-sdk" */;
			productName = FirebaseDatabase;
		};
		1095E1972BD83326000D8A50 /* FirebaseDatabaseSwift */ = {
			isa = XCSwiftPackageProductDependency;
			package = 1095E18E2BD83326000D8A50 /* XCRemoteSwiftPackageReference "firebase-ios-sdk" */;
			productName = FirebaseDatabaseSwift;
		};
		1095E1992BD83326000D8A50 /* FirebaseFirestore */ = {
			isa = XCSwiftPackageProductDependency;
			package = 1095E18E2BD83326000D8A50 /* XCRemoteSwiftPackageReference "firebase-ios-sdk" */;
			productName = FirebaseFirestore;
		};
		1095E19B2BD83326000D8A50 /* FirebaseFirestoreSwift */ = {
			isa = XCSwiftPackageProductDependency;
			package = 1095E18E2BD83326000D8A50 /* XCRemoteSwiftPackageReference "firebase-ios-sdk" */;
			productName = FirebaseFirestoreSwift;
		};
		1095E19D2BD83326000D8A50 /* FirebaseStorage */ = {
			isa = XCSwiftPackageProductDependency;
			package = 1095E18E2BD83326000D8A50 /* XCRemoteSwiftPackageReference "firebase-ios-sdk" */;
			productName = FirebaseStorage;
		};
		1095E19F2BD83326000D8A50 /* FirebaseStorageCombine-Community */ = {
			isa = XCSwiftPackageProductDependency;
			package = 1095E18E2BD83326000D8A50 /* XCRemoteSwiftPackageReference "firebase-ios-sdk" */;
			productName = "FirebaseStorageCombine-Community";
		};
		109F7DBA2BCC503500B195C7 /* Kingfisher */ = {
			isa = XCSwiftPackageProductDependency;
			package = 109F7DB92BCC503500B195C7 /* XCRemoteSwiftPackageReference "Kingfisher" */;
			productName = Kingfisher;
		};
/* End XCSwiftPackageProductDependency section */
	};
	rootObject = 109BAEE92BBF159500D23996 /* Project object */;
}
